
Microsoft Visual Studio Solution File, Format Version 12.00
# Visual Studio 15
VisualStudioVersion = 15.0.27130.2027
MinimumVisualStudioVersion = 10.0.40219.1
Project("{9092AA53-FB77-4645-B42D-1CCCA6BD08BD}") = "saliha-nodejs", "saliha-nodejs\saliha-nodejs.njsproj", "{0CBF79C7-B229-4DA3-9C62-C3964DC0FF90}"
EndProject
Global
	GlobalSection(SolutionConfigurationPlatforms) = preSolution
		Debug|Any CPU = Debug|Any CPU
		Release|Any CPU = Release|Any CPU
	EndGlobalSection
	GlobalSection(ProjectConfigurationPlatforms) = postSolution
		{0CBF79C7-B229-4DA3-9C62-C3964DC0FF90}.Debug|Any CPU.ActiveCfg = Debug|Any CPU
		{0CBF79C7-B229-4DA3-9C62-C3964DC0FF90}.Debug|Any CPU.Build.0 = Debug|Any CPU
		{0CBF79C7-B229-4DA3-9C62-C3964DC0FF90}.Release|Any CPU.ActiveCfg = Release|Any CPU
		{0CBF79C7-B229-4DA3-9C62-C3964DC0FF90}.Release|Any CPU.Build.0 = Release|Any CPU
	EndGlobalSection
	GlobalSection(SolutionProperties) = preSolution
		HideSolutionNode = FALSE
	EndGlobalSection
	GlobalSection(ExtensibilityGlobals) = postSolution
		SolutionGuid = {BED3A018-405A-4D86-BA3D-25974EE072C6}
	EndGlobalSection
EndGlobal
